{
  "nodes": {
    "antigravity": {
      "inputs": {
        "flake-utils": "flake-utils",
        "nixpkgs": [
          "nixpkgs"
        ]
      },
      "locked": {
        "lastModified": 1768422311,
        "narHash": "sha256-91sJfFjQC999KOkMCGEcfk9GyQ8Ve9MzN27kKsoiORw=",
        "owner": "jacopone",
        "repo": "antigravity-nix",
        "rev": "5a12fae3b38571188abac90452bdb28e3b3a8623",
        "type": "github"
      },
      "original": {
        "owner": "jacopone",
        "repo": "antigravity-nix",
        "type": "github"
      }
    },
    "asus-dialpad-driver": {
      "inputs": {
        "nixpkgs": [
          "nixpkgs"
        ]
      },
      "locked": {
        "lastModified": 1768736471,
        "narHash": "sha256-YnqmhpLQ3Xr/GVik5s+/9YL8HtOt6rSoib79xr+m7eI=",
        "owner": "murlakatam",
        "repo": "asus-dialpad-driver",
        "rev": "50f568b70075ba31a87fa7e0ed0d570fe6f69171",
        "type": "github"
      },
      "original": {
        "owner": "murlakatam",
        "ref": "nixos-fix",
        "repo": "asus-dialpad-driver",
        "type": "github"
      }
    },
    "flake-utils": {
      "inputs": {
        "systems": "systems"
      },
      "locked": {
        "lastModified": 1731533236,
        "narHash": "sha256-l0KFg5HjrsfsO/JpG+r7fRrqm12kzFHyUHqHCVpMMbI=",
        "owner": "numtide",
        "repo": "flake-utils",
        "rev": "11707dc2f618dd54ca8739b309ec4fc024de578b",
        "type": "github"
      },
      "original": {
        "owner": "numtide",
        "repo": "flake-utils",
        "type": "github"
      }
    },
    "flake-utils_2": {
      "inputs": {
        "systems": "systems_2"
      },
      "locked": {
        "lastModified": 1731533236,
        "narHash": "sha256-l0KFg5HjrsfsO/JpG+r7fRrqm12kzFHyUHqHCVpMMbI=",
        "owner": "numtide",
        "repo": "flake-utils",
        "rev": "11707dc2f618dd54ca8739b309ec4fc024de578b",
        "type": "github"
      },
      "original": {
        "owner": "numtide",
        "repo": "flake-utils",
        "type": "github"
      }
    },
    "home-manager": {
      "inputs": {
        "nixpkgs": [
          "nixpkgs"
        ]
      },
      "locked": {
        "lastModified": 1768707181,
        "narHash": "sha256-GdwFfnwdUgABFpc4sAmX7GYx8eQs6cEjOPo6nBJ0YaI=",
        "owner": "nix-community",
        "repo": "home-manager",
        "rev": "83bcb17377f0242376a327e742e9404e9a528647",
        "type": "github"
      },
      "original": {
        "owner": "nix-community",
        "repo": "home-manager",
        "type": "github"
      }
    },
    "nix-flatpak": {
      "locked": {
        "lastModified": 1767983141,
        "narHash": "sha256-7ZCulYUD9RmJIDULTRkGLSW1faMpDlPKcbWJLYHoXcs=",
        "owner": "gmodena",
        "repo": "nix-flatpak",
        "rev": "440818969ac2cbd77bfe025e884d0aa528991374",
        "type": "github"
      },
      "original": {
        "owner": "gmodena",
        "ref": "latest",
        "repo": "nix-flatpak",
        "type": "github"
      }
    },
    "nix-index-database": {
      "inputs": {
        "nixpkgs": [
          "nixpkgs"
        ]
      },
      "locked": {
        "lastModified": 1765267181,
        "narHash": "sha256-d3NBA9zEtBu2JFMnTBqWj7Tmi7R5OikoU2ycrdhQEws=",
        "owner": "nix-community",
        "repo": "nix-index-database",
        "rev": "82befcf7dc77c909b0f2a09f5da910ec95c5b78f",
        "type": "github"
      },
      "original": {
        "owner": "nix-community",
        "repo": "nix-index-database",
        "type": "github"
      }
    },
    "nix-ld": {
      "inputs": {
        "nixpkgs": [
          "nixpkgs"
        ]
      },
      "locked": {
        "lastModified": 1768224538,
        "narHash": "sha256-EnlltFxfV4IyY0Jl4lri+9p2aR37tKIUAXwsQ+t0t/A=",
        "owner": "Mic92",
        "repo": "nix-ld",
        "rev": "087d8b8d593c4e7d919a571fd68552020d41a41a",
        "type": "github"
      },
      "original": {
        "owner": "Mic92",
        "repo": "nix-ld",
        "type": "github"
      }
    },
    "nixpkgs": {
      "locked": {
        "lastModified": 1768564909,
        "narHash": "sha256-Kell/SpJYVkHWMvnhqJz/8DqQg2b6PguxVWOuadbHCc=",
        "owner": "nixos",
        "repo": "nixpkgs",
        "rev": "e4bae1bd10c9c57b2cf517953ab70060a828ee6f",
        "type": "github"
      },
      "original": {
        "owner": "nixos",
        "ref": "nixos-unstable",
        "repo": "nixpkgs",
        "type": "github"
      }
    },
    "ohMyOpencodeSrc": {
      "flake": false,
      "locked": {
        "lastModified": 1768709528,
        "narHash": "sha256-OnCM77vCQfIXJnTlQh+VLV8po64Oa7JI2Je+2j3xsVY=",
        "owner": "code-yeongyu",
        "repo": "oh-my-opencode",
        "rev": "6a4bac94785c440beecd4501079e6a9619b75962",
        "type": "github"
      },
      "original": {
        "owner": "code-yeongyu",
        "repo": "oh-my-opencode",
        "type": "github"
      }
    },
    "opencode": {
      "inputs": {
        "nixpkgs": [
          "nixpkgs"
        ]
      },
      "locked": {
        "lastModified": 1768734727,
        "narHash": "sha256-on89OhRO7ehhJ/5M0hxTp5BEYL56s1yDB3Flt1738fI=",
        "owner": "anomalyco",
        "repo": "opencode",
        "rev": "06bc4dcb06a814b501dd1190cb1a424eafb91f13",
        "type": "github"
      },
      "original": {
        "owner": "anomalyco",
        "repo": "opencode",
        "type": "github"
      }
    },
    "root": {
      "inputs": {
        "antigravity": "antigravity",
        "asus-dialpad-driver": "asus-dialpad-driver",
        "home-manager": "home-manager",
        "nix-flatpak": "nix-flatpak",
        "nix-index-database": "nix-index-database",
        "nix-ld": "nix-ld",
        "nixpkgs": "nixpkgs",
        "ohMyOpencodeSrc": "ohMyOpencodeSrc",
        "opencode": "opencode",
        "yazi": "yazi"
      }
    },
    "rust-overlay": {
      "inputs": {
        "nixpkgs": [
          "yazi",
          "nixpkgs"
        ]
      },
      "locked": {
        "lastModified": 1763952169,
        "narHash": "sha256-+PeDBD8P+NKauH+w7eO/QWCIp8Cx4mCfWnh9sJmy9CM=",
        "owner": "oxalica",
        "repo": "rust-overlay",
        "rev": "ab726555a9a72e6dc80649809147823a813fa95b",
        "type": "github"
      },
      "original": {
        "owner": "oxalica",
        "repo": "rust-overlay",
        "type": "github"
      }
    },
    "systems": {
      "locked": {
        "lastModified": 1681028828,
        "narHash": "sha256-Vy1rq5AaRuLzOxct8nz4T6wlgyUR7zLU309k9mBC768=",
        "owner": "nix-systems",
        "repo": "default",
        "rev": "da67096a3b9bf56a91d16901293e51ba5b49a27e",
        "type": "github"
      },
      "original": {
        "owner": "nix-systems",
        "repo": "default",
        "type": "github"
      }
    },
    "systems_2": {
      "locked": {
        "lastModified": 1681028828,
        "narHash": "sha256-Vy1rq5AaRuLzOxct8nz4T6wlgyUR7zLU309k9mBC768=",
        "owner": "nix-systems",
        "repo": "default",
        "rev": "da67096a3b9bf56a91d16901293e51ba5b49a27e",
        "type": "github"
      },
      "original": {
        "owner": "nix-systems",
        "repo": "default",
        "type": "github"
      }
    },
    "yazi": {
      "inputs": {
        "flake-utils": "flake-utils_2",
        "nixpkgs": [
          "nixpkgs"
        ],
        "rust-overlay": "rust-overlay"
      },
      "locked": {
        "lastModified": 1768669787,
        "narHash": "sha256-gc9NTenY/ILu6j8jrXr7zFDmkCESOBsI7vksJa3yVbk=",
        "owner": "sxyazi",
        "repo": "yazi",
        "rev": "97d0c6bb23df413f4add8b888071233c912c49a3",
        "type": "github"
      },
      "original": {
        "owner": "sxyazi",
        "repo": "yazi",
        "type": "github"
      }
    }
  },
  "root": "root",
  "version": 7
}
